Microsoft Visual Studio Solution File, Format Version 12.00
# Visual Studio 15
VisualStudioVersion = 15.0.26730.16
MinimumVisualStudioVersion = 15.0.26124.0
Project("{9A19103F-16F7-4668-BE54-9A1E7A4F7556}") = "BioStore.Api", "BioStore.Api\BioStore.Api.csproj", "{FCFF815F-934E-4C20-B7C0-F195927A3C33}"
EndProject
Project("{9A19103F-16F7-4668-BE54-9A1E7A4F7556}") = "BioStore.Domain", "BioStore.Domain\BioStore.Domain.csproj", "{918596C0-BE9C-4FE3-8D58-FE48F522B8C9}"
EndProject
Project("{9A19103F-16F7-4668-BE54-9A1E7A4F7556}") = "BioStore.Infra", "BioStore.Infra\BioStore.Infra.csproj", "{396BF8F1-8D10-45BE-B4C2-E7FE778BD34E}"
EndProject
Project("{9A19103F-16F7-4668-BE54-9A1E7A4F7556}") = "BioStore.Shared", "BioStore.Shared\BioStore.Shared.csproj", "{9F9FF1EC-12EF-45BC-BC47-0AB1B74F980B}"
EndProject
Project("{9A19103F-16F7-4668-BE54-9A1E7A4F7556}") = "BioStore.Admin", "BioStore.Admin\BioStore.Admin.csproj", "{F638F180-DA93-4AB8-B294-E01DF4214EB6}"
EndProject
Project("{9A19103F-16F7-4668-BE54-9A1E7A4F7556}") = "BioStore.IoC", "BioStore.IoC\BioStore.IoC.csproj", "{CA7F9AD3-BF81-4E41-BA54-7B2E98B1D5A3}"
EndProject
Project("{9A19103F-16F7-4668-BE54-9A1E7A4F7556}") = "BioStore.Site", "BioStore.Site\BioStore.Site.csproj", "{D45674AA-73E6-47BD-AE04-8D40437E7192}"
EndProject
Project("{2150E333-8FDC-42A3-9474-1A3956D46DE8}") = "Presentation", "Presentation", "{46EE0BE7-FA4F-4DD7-82CD-2BC2721F3EB2}"
EndProject
Project("{2150E333-8FDC-42A3-9474-1A3956D46DE8}") = "Domain", "Domain", "{E575B2C3-27A1-4683-AAB1-A66C9352D15B}"
EndProject
Project("{2150E333-8FDC-42A3-9474-1A3956D46DE8}") = "Infra", "Infra", "{E60BDA8C-5031-4C7B-949F-77C1127C0717}"
EndProject
Project("{2150E333-8FDC-42A3-9474-1A3956D46DE8}") = "CrossCuting", "CrossCuting", "{4F72107E-478C-43A2-AA3F-F2F36C513C54}"
EndProject
Global
	GlobalSection(SolutionConfigurationPlatforms) = preSolution
		Debug|Any CPU = Debug|Any CPU
		Debug|x64 = Debug|x64
		Debug|x86 = Debug|x86
		Release|Any CPU = Release|Any CPU
		Release|x64 = Release|x64
		Release|x86 = Release|x86
	EndGlobalSection
	GlobalSection(ProjectConfigurationPlatforms) = postSolution
		{FCFF815F-934E-4C20-B7C0-F195927A3C33}.Debug|Any CPU.ActiveCfg = Debug|Any CPU
		{FCFF815F-934E-4C20-B7C0-F195927A3C33}.Debug|Any CPU.Build.0 = Debug|Any CPU
		{FCFF815F-934E-4C20-B7C0-F195927A3C33}.Debug|x64.ActiveCfg = Debug|Any CPU
		{FCFF815F-934E-4C20-B7C0-F195927A3C33}.Debug|x64.Build.0 = Debug|Any CPU
		{FCFF815F-934E-4C20-B7C0-F195927A3C33}.Debug|x86.ActiveCfg = Debug|Any CPU
		{FCFF815F-934E-4C20-B7C0-F195927A3C33}.Debug|x86.Build.0 = Debug|Any CPU
		{FCFF815F-934E-4C20-B7C0-F195927A3C33}.Release|Any CPU.ActiveCfg = Release|Any CPU
		{FCFF815F-934E-4C20-B7C0-F195927A3C33}.Release|Any CPU.Build.0 = Release|Any CPU
		{FCFF815F-934E-4C20-B7C0-F195927A3C33}.Release|x64.ActiveCfg = Release|Any CPU
		{FCFF815F-934E-4C20-B7C0-F195927A3C33}.Release|x64.Build.0 = Release|Any CPU
		{FCFF815F-934E-4C20-B7C0-F195927A3C33}.Release|x86.ActiveCfg = Release|Any CPU
		{FCFF815F-934E-4C20-B7C0-F195927A3C33}.Release|x86.Build.0 = Release|Any CPU
		{918596C0-BE9C-4FE3-8D58-FE48F522B8C9}.Debug|Any CPU.ActiveCfg = Debug|Any CPU
		{918596C0-BE9C-4FE3-8D58-FE48F522B8C9}.Debug|Any CPU.Build.0 = Debug|Any CPU
		{918596C0-BE9C-4FE3-8D58-FE48F522B8C9}.Debug|x64.ActiveCfg = Debug|Any CPU
		{918596C0-BE9C-4FE3-8D58-FE48F522B8C9}.Debug|x64.Build.0 = Debug|Any CPU
		{918596C0-BE9C-4FE3-8D58-FE48F522B8C9}.Debug|x86.ActiveCfg = Debug|Any CPU
		{918596C0-BE9C-4FE3-8D58-FE48F522B8C9}.Debug|x86.Build.0 = Debug|Any CPU
		{918596C0-BE9C-4FE3-8D58-FE48F522B8C9}.Release|Any CPU.ActiveCfg = Release|Any CPU
		{918596C0-BE9C-4FE3-8D58-FE48F522B8C9}.Release|Any CPU.Build.0 = Release|Any CPU
		{918596C0-BE9C-4FE3-8D58-FE48F522B8C9}.Release|x64.ActiveCfg = Release|Any CPU
		{918596C0-BE9C-4FE3-8D58-FE48F522B8C9}.Release|x64.Build.0 = Release|Any CPU
		{918596C0-BE9C-4FE3-8D58-FE48F522B8C9}.Release|x86.ActiveCfg = Release|Any CPU
		{918596C0-BE9C-4FE3-8D58-FE48F522B8C9}.Release|x86.Build.0 = Release|Any CPU
		{396BF8F1-8D10-45BE-B4C2-E7FE778BD34E}.Debug|Any CPU.ActiveCfg = Debug|Any CPU
		{396BF8F1-8D10-45BE-B4C2-E7FE778BD34E}.Debug|Any CPU.Build.0 = Debug|Any CPU
		{396BF8F1-8D10-45BE-B4C2-E7FE778BD34E}.Debug|x64.ActiveCfg = Debug|Any CPU
		{396BF8F1-8D10-45BE-B4C2-E7FE778BD34E}.Debug|x64.Build.0 = Debug|Any CPU
		{396BF8F1-8D10-45BE-B4C2-E7FE778BD34E}.Debug|x86.ActiveCfg = Debug|Any CPU
		{396BF8F1-8D10-45BE-B4C2-E7FE778BD34E}.Debug|x86.Build.0 = Debug|Any CPU
		{396BF8F1-8D10-45BE-B4C2-E7FE778BD34E}.Release|Any CPU.ActiveCfg = Release|Any CPU
		{396BF8F1-8D10-45BE-B4C2-E7FE778BD34E}.Release|Any CPU.Build.0 = Release|Any CPU
		{396BF8F1-8D10-45BE-B4C2-E7FE778BD34E}.Release|x64.ActiveCfg = Release|Any CPU
		{396BF8F1-8D10-45BE-B4C2-E7FE778BD34E}.Release|x64.Build.0 = Release|Any CPU
		{396BF8F1-8D10-45BE-B4C2-E7FE778BD34E}.Release|x86.ActiveCfg = Release|Any CPU
		{396BF8F1-8D10-45BE-B4C2-E7FE778BD34E}.Release|x86.Build.0 = Release|Any CPU
		{9F9FF1EC-12EF-45BC-BC47-0AB1B74F980B}.Debug|Any CPU.ActiveCfg = Debug|Any CPU
		{9F9FF1EC-12EF-45BC-BC47-0AB1B74F980B}.Debug|Any CPU.Build.0 = Debug|Any CPU
		{9F9FF1EC-12EF-45BC-BC47-0AB1B74F980B}.Debug|x64.ActiveCfg = Debug|Any CPU
		{9F9FF1EC-12EF-45BC-BC47-0AB1B74F980B}.Debug|x64.Build.0 = Debug|Any CPU
		{9F9FF1EC-12EF-45BC-BC47-0AB1B74F980B}.Debug|x86.ActiveCfg = Debug|Any CPU
		{9F9FF1EC-12EF-45BC-BC47-0AB1B74F980B}.Debug|x86.Build.0 = Debug|Any CPU
		{9F9FF1EC-12EF-45BC-BC47-0AB1B74F980B}.Release|Any CPU.ActiveCfg = Release|Any CPU
		{9F9FF1EC-12EF-45BC-BC47-0AB1B74F980B}.Release|Any CPU.Build.0 = Release|Any CPU
		{9F9FF1EC-12EF-45BC-BC47-0AB1B74F980B}.Release|x64.ActiveCfg = Release|Any CPU
		{9F9FF1EC-12EF-45BC-BC47-0AB1B74F980B}.Release|x64.Build.0 = Release|Any CPU
		{9F9FF1EC-12EF-45BC-BC47-0AB1B74F980B}.Release|x86.ActiveCfg = Release|Any CPU
		{9F9FF1EC-12EF-45BC-BC47-0AB1B74F980B}.Release|x86.Build.0 = Release|Any CPU
		{F638F180-DA93-4AB8-B294-E01DF4214EB6}.Debug|Any CPU.ActiveCfg = Debug|Any CPU
		{F638F180-DA93-4AB8-B294-E01DF4214EB6}.Debug|Any CPU.Build.0 = Debug|Any CPU
		{F638F180-DA93-4AB8-B294-E01DF4214EB6}.Debug|x64.ActiveCfg = Debug|Any CPU
		{F638F180-DA93-4AB8-B294-E01DF4214EB6}.Debug|x64.Build.0 = Debug|Any CPU
		{F638F180-DA93-4AB8-B294-E01DF4214EB6}.Debug|x86.ActiveCfg = Debug|Any CPU
		{F638F180-DA93-4AB8-B294-E01DF4214EB6}.Debug|x86.Build.0 = Debug|Any CPU
		{F638F180-DA93-4AB8-B294-E01DF4214EB6}.Release|Any CPU.ActiveCfg = Release|Any CPU
		{F638F180-DA93-4AB8-B294-E01DF4214EB6}.Release|Any CPU.Build.0 = Release|Any CPU
		{F638F180-DA93-4AB8-B294-E01DF4214EB6}.Release|x64.ActiveCfg = Release|Any CPU
		{F638F180-DA93-4AB8-B294-E01DF4214EB6}.Release|x64.Build.0 = Release|Any CPU
		{F638F180-DA93-4AB8-B294-E01DF4214EB6}.Release|x86.ActiveCfg = Release|Any CPU
		{F638F180-DA93-4AB8-B294-E01DF4214EB6}.Release|x86.Build.0 = Release|Any CPU
		{CA7F9AD3-BF81-4E41-BA54-7B2E98B1D5A3}.Debug|Any CPU.ActiveCfg = Debug|Any CPU
		{CA7F9AD3-BF81-4E41-BA54-7B2E98B1D5A3}.Debug|Any CPU.Build.0 = Debug|Any CPU
		{CA7F9AD3-BF81-4E41-BA54-7B2E98B1D5A3}.Debug|x64.ActiveCfg = Debug|Any CPU
		{CA7F9AD3-BF81-4E41-BA54-7B2E98B1D5A3}.Debug|x64.Build.0 = Debug|Any CPU
		{CA7F9AD3-BF81-4E41-BA54-7B2E98B1D5A3}.Debug|x86.ActiveCfg = Debug|Any CPU
		{CA7F9AD3-BF81-4E41-BA54-7B2E98B1D5A3}.Debug|x86.Build.0 = Debug|Any CPU
		{CA7F9AD3-BF81-4E41-BA54-7B2E98B1D5A3}.Release|Any CPU.ActiveCfg = Release|Any CPU
		{CA7F9AD3-BF81-4E41-BA54-7B2E98B1D5A3}.Release|Any CPU.Build.0 = Release|Any CPU
		{CA7F9AD3-BF81-4E41-BA54-7B2E98B1D5A3}.Release|x64.ActiveCfg = Release|Any CPU
		{CA7F9AD3-BF81-4E41-BA54-7B2E98B1D5A3}.Release|x64.Build.0 = Release|Any CPU
		{CA7F9AD3-BF81-4E41-BA54-7B2E98B1D5A3}.Release|x86.ActiveCfg = Release|Any CPU
		{CA7F9AD3-BF81-4E41-BA54-7B2E98B1D5A3}.Release|x86.Build.0 = Release|Any CPU
		{D45674AA-73E6-47BD-AE04-8D40437E7192}.Debug|Any CPU.ActiveCfg = Debug|Any CPU
		{D45674AA-73E6-47BD-AE04-8D40437E7192}.Debug|Any CPU.Build.0 = Debug|Any CPU
		{D45674AA-73E6-47BD-AE04-8D40437E7192}.Debug|x64.ActiveCfg = Debug|Any CPU
		{D45674AA-73E6-47BD-AE04-8D40437E7192}.Debug|x64.Build.0 = Debug|Any CPU
		{D45674AA-73E6-47BD-AE04-8D40437E7192}.Debug|x86.ActiveCfg = Debug|Any CPU
		{D45674AA-73E6-47BD-AE04-8D40437E7192}.Debug|x86.Build.0 = Debug|Any CPU
		{D45674AA-73E6-47BD-AE04-8D40437E7192}.Release|Any CPU.ActiveCfg = Release|Any CPU
		{D45674AA-73E6-47BD-AE04-8D40437E7192}.Release|Any CPU.Build.0 = Release|Any CPU
		{D45674AA-73E6-47BD-AE04-8D40437E7192}.Release|x64.ActiveCfg = Release|Any CPU
		{D45674AA-73E6-47BD-AE04-8D40437E7192}.Release|x64.Build.0 = Release|Any CPU
		{D45674AA-73E6-47BD-AE04-8D40437E7192}.Release|x86.ActiveCfg = Release|Any CPU
		{D45674AA-73E6-47BD-AE04-8D40437E7192}.Release|x86.Build.0 = Release|Any CPU
	EndGlobalSection
	GlobalSection(SolutionProperties) = preSolution
		HideSolutionNode = FALSE
	EndGlobalSection
	GlobalSection(NestedProjects) = preSolution
		{FCFF815F-934E-4C20-B7C0-F195927A3C33} = {46EE0BE7-FA4F-4DD7-82CD-2BC2721F3EB2}
		{918596C0-BE9C-4FE3-8D58-FE48F522B8C9} = {E575B2C3-27A1-4683-AAB1-A66C9352D15B}
		{396BF8F1-8D10-45BE-B4C2-E7FE778BD34E} = {E60BDA8C-5031-4C7B-949F-77C1127C0717}
		{9F9FF1EC-12EF-45BC-BC47-0AB1B74F980B} = {4F72107E-478C-43A2-AA3F-F2F36C513C54}
		{F638F180-DA93-4AB8-B294-E01DF4214EB6} = {46EE0BE7-FA4F-4DD7-82CD-2BC2721F3EB2}
		{CA7F9AD3-BF81-4E41-BA54-7B2E98B1D5A3} = {4F72107E-478C-43A2-AA3F-F2F36C513C54}
		{D45674AA-73E6-47BD-AE04-8D40437E7192} = {46EE0BE7-FA4F-4DD7-82CD-2BC2721F3EB2}
	EndGlobalSection
	GlobalSection(ExtensibilityGlobals) = postSolution
		SolutionGuid = {3C2F6193-0B7B-4CD5-BD3D-662E80CF4B61}
	EndGlobalSection
EndGlobal
